
Microsoft Visual Studio Solution File, Format Version 12.00
# Visual Studio 15
VisualStudioVersion = 15.0.28010.2019
MinimumVisualStudioVersion = 10.0.40219.1
Project("{FAE04EC0-301F-11D3-BF4B-00C04F79EFBC}") = "Hls.Proxy.Aes", "Hls.Proxy.Aes.csproj", "{7111CB64-CAD0-4CCE-9DE9-EDF547F59547}"
EndProject
Global
	GlobalSection(SolutionConfigurationPlatforms) = preSolution
		Debug|Any CPU = Debug|Any CPU
		Release|Any CPU = Release|Any CPU
	EndGlobalSection
	GlobalSection(ProjectConfigurationPlatforms) = postSolution
		{7111CB64-CAD0-4CCE-9DE9-EDF547F59547}.Debug|Any CPU.ActiveCfg = Debug|Any CPU
		{7111CB64-CAD0-4CCE-9DE9-EDF547F59547}.Debug|Any CPU.Build.0 = Debug|Any CPU
		{7111CB64-CAD0-4CCE-9DE9-EDF547F59547}.Release|Any CPU.ActiveCfg = Release|Any CPU
		{7111CB64-CAD0-4CCE-9DE9-EDF547F59547}.Release|Any CPU.Build.0 = Release|Any CPU
	EndGlobalSection
	GlobalSection(SolutionProperties) = preSolution
		HideSolutionNode = FALSE
	EndGlobalSection
	GlobalSection(ExtensibilityGlobals) = postSolution
		SolutionGuid = {7ADBBDFE-3046-4769-87CE-D682F83AF289}
	EndGlobalSection
EndGlobal
